// !$*UTF8*$!
{
	archiveVersion = 1;
	classes = {
	};
	objectVersion = 46;
	objects = {

/* Begin PBXBuildFile section */
		C3FFBA4C1E4A76900079F43D /* main.m in Sources */ = {isa = PBXBuildFile; fileRef = C3FFBA4B1E4A76900079F43D /* main.m */; };
		C3FFBA4F1E4A76900079F43D /* AppDelegate.m in Sources */ = {isa = PBXBuildFile; fileRef = C3FFBA4E1E4A76900079F43D /* AppDelegate.m */; };
		C3FFBA521E4A76900079F43D /* ViewController.m in Sources */ = {isa = PBXBuildFile; fileRef = C3FFBA511E4A76900079F43D /* ViewController.m */; };
		C3FFBA551E4A76900079F43D /* Main.storyboard in Resources */ = {isa = PBXBuildFile; fileRef = C3FFBA531E4A76900079F43D /* Main.storyboard */; };
		C3FFBA581E4A76900079F43D /* MSStoreButton.xcdatamodeld in Sources */ = {isa = PBXBuildFile; fileRef = C3FFBA561E4A76900079F43D /* MSStoreButton.xcdatamodeld */; };
		C3FFBA5A1E4A76900079F43D /* Assets.xcassets in Resources */ = {isa = PBXBuildFile; fileRef = C3FFBA591E4A76900079F43D /* Assets.xcassets */; };
		C3FFBA5D1E4A76900079F43D /* LaunchScreen.storyboard in Resources */ = {isa = PBXBuildFile; fileRef = C3FFBA5B1E4A76900079F43D /* LaunchScreen.storyboard */; };
/* End PBXBuildFile section */

/* Begin PBXFileReference section */
		C3FFBA471E4A76900079F43D /* MSStoreButton.app */ = {isa = PBXFileReference; explicitFileType = wrapper.application; includeInIndex = 0; path = MSStoreButton.app; sourceTree = BUILT_PRODUCTS_DIR; };
		C3FFBA4B1E4A76900079F43D /* main.m */ = {isa = PBXFileReference; lastKnownFileType = sourcecode.c.objc; path = main.m; sourceTree = "<group>"; };
		C3FFBA4D1E4A76900079F43D /* AppDelegate.h */ = {isa = PBXFileReference; lastKnownFileType = sourcecode.c.h; path = AppDelegate.h; sourceTree = "<group>"; };
		C3FFBA4E1E4A76900079F43D /* AppDelegate.m */ = {isa = PBXFileReference; lastKnownFileType = sourcecode.c.objc; path = AppDelegate.m; sourceTree = "<group>"; };
		C3FFBA501E4A76900079F43D /* ViewController.h */ = {isa = PBXFileReference; lastKnownFileType = sourcecode.c.h; path = ViewController.h; sourceTree = "<group>"; };
		C3FFBA511E4A76900079F43D /* ViewController.m */ = {isa = PBXFileReference; lastKnownFileType = sourcecode.c.objc; path = ViewController.m; sourceTree = "<group>"; };
		C3FFBA541E4A76900079F43D /* Base */ = {isa = PBXFileReference; lastKnownFileType = file.storyboard; name = Base; path = Base.lproj/Main.storyboard; sourceTree = "<group>"; };
		C3FFBA571E4A76900079F43D /* MSStoreButton.xcdatamodel */ = {isa = PBXFileReference; lastKnownFileType = wrapper.xcdatamodel; path = MSStoreButton.xcdatamodel; sourceTree = "<group>"; };
		C3FFBA591E4A76900079F43D /* Assets.xcassets */ = {isa = PBXFileReference; lastKnownFileType = folder.assetcatalog; path = Assets.xcassets; sourceTree = "<group>"; };
		C3FFBA5C1E4A76900079F43D /* Base */ = {isa = PBXFileReference; lastKnownFileType = file.storyboard; name = Base; path = Base.lproj/LaunchScreen.storyboard; sourceTree = "<group>"; };
		C3FFBA5E1E4A76900079F43D /* Info.plist */ = {isa = PBXFileReference; lastKnownFileType = text.plist.xml; path = Info.plist; sourceTree = "<group>"; };
/* End PBXFileReference section */

/* Begin PBXFrameworksBuildPhase section */
		C3FFBA441E4A76900079F43D /* Frameworks */ = {
			isa = PBXFrameworksBuildPhase;
			buildActionMask = 2147483647;
			files = (
			);
			runOnlyForDeploymentPostprocessing = 0;
		};
/* End PBXFrameworksBuildPhase section */

/* Begin PBXGroup section */
		C3FFBA3E1E4A76900079F43D = {
			isa = PBXGroup;
			children = (
				C3FFBA491E4A76900079F43D /* MSStoreButton */,
				C3FFBA481E4A76900079F43D /* Products */,
			);
			sourceTree = "<group>";
		};
		C3FFBA481E4A76900079F43D /* Products */ = {
			isa = PBXGroup;
			children = (
				C3FFBA471E4A76900079F43D /* MSStoreButton.app */,
			);
			name = Products;
			sourceTree = "<group>";
		};
		C3FFBA491E4A76900079F43D /* MSStoreButton */ = {
			isa = PBXGroup;
			children = (
				C3FFBA4D1E4A76900079F43D /* AppDelegate.h */,
				C3FFBA4E1E4A76900079F43D /* AppDelegate.m */,
				C3FFBA501E4A76900079F43D /* ViewController.h */,
				C3FFBA511E4A76900079F43D /* ViewController.m */,
				C3FFBA531E4A76900079F43D /* Main.storyboard */,
				C3FFBA591E4A76900079F43D /* Assets.xcassets */,
				C3FFBA5B1E4A76900079F43D /* LaunchScreen.storyboard */,
				C3FFBA5E1E4A76900079F43D /* Info.plist */,
				C3FFBA561E4A76900079F43D /* MSStoreButton.xcdatamodeld */,
				C3FFBA4A1E4A76900079F43D /* Supporting Files */,
			);
			path = MSStoreButton;
			sourceTree = "<group>";
		};
		C3FFBA4A1E4A76900079F43D /* Supporting Files */ = {
			isa = PBXGroup;
			children = (
				C3FFBA4B1E4A76900079F43D /* main.m */,
			);
			name = "Supporting Files";
			sourceTree = "<group>";
		};
/* End PBXGroup section */

/* Begin PBXNativeTarget section */
		C3FFBA461E4A76900079F43D /* MSStoreButton */ = {
			isa = PBXNativeTarget;
			buildConfigurationList = C3FFBA611E4A76900079F43D /* Build configuration list for PBXNativeTarget "MSStoreButton" */;
			buildPhases = (
				C3FFBA431E4A76900079F43D /* Sources */,
				C3FFBA441E4A76900079F43D /* Frameworks */,
				C3FFBA451E4A76900079F43D /* Resources */,
			);
			buildRules = (
			);
			dependencies = (
			);
			name = MSStoreButton;
			productName = MSStoreButton;
			productReference = C3FFBA471E4A76900079F43D /* MSStoreButton.app */;
			productType = "com.apple.product-type.application";
		};
/* End PBXNativeTarget section */

/* Begin PBXProject section */
		C3FFBA3F1E4A76900079F43D /* Project object */ = {
			isa = PBXProject;
			attributes = {
				LastUpgradeCheck = 0820;
				ORGANIZATIONNAME = "Jid Hatami";
				TargetAttributes = {
					C3FFBA461E4A76900079F43D = {
						CreatedOnToolsVersion = 8.2.1;
						DevelopmentTeam = S6GL3VTAFF;
						ProvisioningStyle = Automatic;
					};
				};
			};
			buildConfigurationList = C3FFBA421E4A76900079F43D /* Build configuration list for PBXProject "MSStoreButton" */;
			compatibilityVersion = "Xcode 3.2";
			developmentRegion = English;
			hasScannedForEncodings = 0;
			knownRegions = (
				en,
				Base,
			);
			mainGroup = C3FFBA3E1E4A76900079F43D;
			productRefGroup = C3FFBA481E4A76900079F43D /* Products */;
			projectDirPath = "";
			projectRoot = "";
			targets = (
				C3FFBA461E4A76900079F43D /* MSStoreButton */,
			);
		};
/* End PBXProject section */

/* Begin PBXResourcesBuildPhase section */
		C3FFBA451E4A76900079F43D /* Resources */ = {
			isa = PBXResourcesBuildPhase;
			buildActionMask = 2147483647;
			files = (
				C3FFBA5D1E4A76900079F43D /* LaunchScreen.storyboard in Resources */,
				C3FFBA5A1E4A76900079F43D /* Assets.xcassets in Resources */,
				C3FFBA551E4A76900079F43D /* Main.storyboard in Resources */,
			);
			runOnlyForDeploymentPostprocessing = 0;
		};
/* End PBXResourcesBuildPhase section */

/* Begin PBXSourcesBuildPhase section */
		C3FFBA431E4A76900079F43D /* Sources */ = {
			isa = PBXSourcesBuildPhase;
			buildActionMask = 2147483647;
			files = (
				C3FFBA521E4A76900079F43D /* ViewController.m in Sources */,
				C3FFBA4F1E4A76900079F43D /* AppDelegate.m in Sources */,
				C3FFBA4C1E4A76900079F43D /* main.m in Sources */,
				C3FFBA581E4A76900079F43D /* MSStoreButton.xcdatamodeld in Sources */,
			);
			runOnlyForDeploymentPostprocessing = 0;
		};
/* End PBXSourcesBuildPhase section */

/* Begin PBXVariantGroup section */
		C3FFBA531E4A76900079F43D /* Main.storyboard */ = {
			isa = PBXVariantGroup;
			children = (
				C3FFBA541E4A76900079F43D /* Base */,
			);
			name = Main.storyboard;
			sourceTree = "<group>";
		};
		C3FFBA5B1E4A76900079F43D /* LaunchScreen.storyboard */ = {
			isa = PBXVariantGroup;
			children = (
				C3FFBA5C1E4A76900079F43D /* Base */,
			);
			name = LaunchScreen.storyboard;
			sourceTree = "<group>";
		};
/* End PBXVariantGroup section */

/* Begin XCBuildConfiguration section */
		C3FFBA5F1E4A76900079F43D /* Debug */ = {
			isa = XCBuildConfiguration;
			buildSettings = {
				ALWAYS_SEARCH_USER_PATHS = NO;
				CLANG_ANALYZER_NONNULL = YES;
				CLANG_CXX_LANGUAGE_STANDARD = "gnu++0x";
				CLANG_CXX_LIBRARY = "libc++";
				CLANG_ENABLE_MODULES = YES;
				CLANG_ENABLE_OBJC_ARC = YES;
				CLANG_WARN_BOOL_CONVERSION = YES;
				CLANG_WARN_CONSTANT_CONVERSION = YES;
				CLANG_WARN_DIRECT_OBJC_ISA_USAGE = YES_ERROR;
				CLANG_WARN_DOCUMENTATION_COMMENTS = YES;
				CLANG_WARN_EMPTY_BODY = YES;
				CLANG_WARN_ENUM_CONVERSION = YES;
				CLANG_WARN_INFINITE_RECURSION = YES;
				CLANG_WARN_INT_CONVERSION = YES;
				CLANG_WARN_OBJC_ROOT_CLASS = YES_ERROR;
				CLANG_WARN_SUSPICIOUS_MOVE = YES;
				CLANG_WARN_UNREACHABLE_CODE = YES;
				CLANG_WARN__DUPLICATE_METHOD_MATCH = YES;
				"CODE_SIGN_IDENTITY[sdk=iphoneos*]" = "iPhone Developer";
				COPY_PHASE_STRIP = NO;
				DEBUG_INFORMATION_FORMAT = dwarf;
				ENABLE_STRICT_OBJC_MSGSEND = YES;
				ENABLE_TESTABILITY = YES;
				GCC_C_LANGUAGE_STANDARD = gnu99;
				GCC_DYNAMIC_NO_PIC = NO;
				GCC_NO_COMMON_BLOCKS = YES;
				GCC_OPTIMIZATION_LEVEL = 0;
				GCC_PREPROCESSOR_DEFINITIONS = (
					"DEBUG=1",
					"$(inherited)",
				);
				GCC_WARN_64_TO_32_BIT_CONVERSION = YES;
				GCC_WARN_ABOUT_RETURN_TYPE = YES_ERROR;
				GCC_WARN_UNDECLARED_SELECTOR = YES;
				GCC_WARN_UNINITIALIZED_AUTOS = YES_AGGRESSIVE;
				GCC_WARN_UNUSED_FUNCTION = YES;
				GCC_WARN_UNUSED_VARIABLE = YES;
				IPHONEOS_DEPLOYMENT_TARGET = 10.2;
				MTL_ENABLE_DEBUG_INFO = YES;
				ONLY_ACTIVE_ARCH = YES;
				SDKROOT = iphoneos;
				TARGETED_DEVICE_FAMILY = "1,2";
			};
			name = Debug;
		};
		C3FFBA601E4A76900079F43D /* Release */ = {
			isa = XCBuildConfiguration;
			buildSettings = {
				ALWAYS_SEARCH_USER_PATHS = NO;
				CLANG_ANALYZER_NONNULL = YES;
				CLANG_CXX_LANGUAGE_STANDARD = "gnu++0x";
				CLANG_CXX_LIBRARY = "libc++";
				CLANG_ENABLE_MODULES = YES;
				CLANG_ENABLE_OBJC_ARC = YES;
				CLANG_WARN_BOOL_CONVERSION = YES;
				CLANG_WARN_CONSTANT_CONVERSION = YES;
				CLANG_WARN_DIRECT_OBJC_ISA_USAGE = YES_ERROR;
				CLANG_WARN_DOCUMENTATION_COMMENTS = YES;
				CLANG_WARN_EMPTY_BODY = YES;
				CLANG_WARN_ENUM_CONVERSION = YES;
				CLANG_WARN_INFINITE_RECURSION = YES;
				CLANG_WARN_INT_CONVERSION = YES;
				CLANG_WARN_OBJC_ROOT_CLASS = YES_ERROR;
				CLANG_WARN_SUSPICIOUS_MOVE = YES;
				CLANG_WARN_UNREACHABLE_CODE = YES;
				CLANG_WARN__DUPLICATE_METHOD_MATCH = YES;
				"CODE_SIGN_IDENTITY[sdk=iphoneos*]" = "iPhone Developer";
				COPY_PHASE_STRIP = NO;
				DEBUG_INFORMATION_FORMAT = "dwarf-with-dsym";
				ENABLE_NS_ASSERTIONS = NO;
				ENABLE_STRICT_OBJC_MSGSEND = YES;
				GCC_C_LANGUAGE_STANDARD = gnu99;
				GCC_NO_COMMON_BLOCKS = YES;
				GCC_WARN_64_TO_32_BIT_CONVERSION = YES;
				GCC_WARN_ABOUT_RETURN_TYPE = YES_ERROR;
				GCC_WARN_UNDECLARED_SELECTOR = YES;
				GCC_WARN_UNINITIALIZED_AUTOS = YES_AGGRESSIVE;
				GCC_WARN_UNUSED_FUNCTION = YES;
				GCC_WARN_UNUSED_VARIABLE = YES;
				IPHONEOS_DEPLOYMENT_TARGET = 10.2;
				MTL_ENABLE_DEBUG_INFO = NO;
				SDKROOT = iphoneos;
				TARGETED_DEVICE_FAMILY = "1,2";
				VALIDATE_PRODUCT = YES;
			};
			name = Release;
		};
		C3FFBA621E4A76900079F43D /* Debug */ = {
			isa = XCBuildConfiguration;
			buildSettings = {
				ASSETCATALOG_COMPILER_APPICON_NAME = AppIcon;
				DEVELOPMENT_TEAM = S6GL3VTAFF;
				INFOPLIST_FILE = MSStoreButton/Info.plist;
				LD_RUNPATH_SEARCH_PATHS = "$(inherited) @executable_path/Frameworks";
				PRODUCT_BUNDLE_IDENTIFIER = com.monkeysolution.MSStoreButton;
				PRODUCT_NAME = "$(TARGET_NAME)";
			};
			name = Debug;
		};
		C3FFBA631E4A76900079F43D /* Release */ = {
			isa = XCBuildConfiguration;
			buildSettings = {
				ASSETCATALOG_COMPILER_APPICON_NAME = AppIcon;
				DEVELOPMENT_TEAM = S6GL3VTAFF;
				INFOPLIST_FILE = MSStoreButton/Info.plist;
				LD_RUNPATH_SEARCH_PATHS = "$(inherited) @executable_path/Frameworks";
				PRODUCT_BUNDLE_IDENTIFIER = com.monkeysolution.MSStoreButton;
				PRODUCT_NAME = "$(TARGET_NAME)";
			};
			name = Release;
		};
/* End XCBuildConfiguration section */

/* Begin XCConfigurationList section */
		C3FFBA421E4A76900079F43D /* Build configuration list for PBXProject "MSStoreButton" */ = {
			isa = XCConfigurationList;
			buildConfigurations = (
				C3FFBA5F1E4A76900079F43D /* Debug */,
				C3FFBA601E4A76900079F43D /* Release */,
			);
			defaultConfigurationIsVisible = 0;
			defaultConfigurationName = Release;
		};
		C3FFBA611E4A76900079F43D /* Build configuration list for PBXNativeTarget "MSStoreButton" */ = {
			isa = XCConfigurationList;
			buildConfigurations = (
				C3FFBA621E4A76900079F43D /* Debug */,
				C3FFBA631E4A76900079F43D /* Release */,
			);
			defaultConfigurationIsVisible = 0;
		};
/* End XCConfigurationList section */

/* Begin XCVersionGroup section */
		C3FFBA561E4A76900079F43D /* MSStoreButton.xcdatamodeld */ = {
			isa = XCVersionGroup;
			children = (
				C3FFBA571E4A76900079F43D /* MSStoreButton.xcdatamodel */,
			);
			currentVersion = C3FFBA571E4A76900079F43D /* MSStoreButton.xcdatamodel */;
			path = MSStoreButton.xcdatamodeld;
			sourceTree = "<group>";
			versionGroupType = wrapper.xcdatamodel;
		};
/* End XCVersionGroup section */
	};
	rootObject = C3FFBA3F1E4A76900079F43D /* Project object */;
}
